
Microsoft Visual Studio Solution File, Format Version 12.00
# Visual Studio Version 16
VisualStudioVersion = 16.0.29728.190
MinimumVisualStudioVersion = 10.0.40219.1
Project("{FAE04EC0-301F-11D3-BF4B-00C04F79EFBC}") = "MetroAid", "MetroAid\MetroAid.csproj", "{184A7F67-A7A7-40C0-97C2-AD2C82C5C37C}"
EndProject
Global
	GlobalSection(SolutionConfigurationPlatforms) = preSolution
		Debug|Any CPU = Debug|Any CPU
		Release|Any CPU = Release|Any CPU
	EndGlobalSection
	GlobalSection(ProjectConfigurationPlatforms) = postSolution
		{184A7F67-A7A7-40C0-97C2-AD2C82C5C37C}.Debug|Any CPU.ActiveCfg = Debug|Any CPU
		{184A7F67-A7A7-40C0-97C2-AD2C82C5C37C}.Debug|Any CPU.Build.0 = Debug|Any CPU
		{184A7F67-A7A7-40C0-97C2-AD2C82C5C37C}.Release|Any CPU.ActiveCfg = Release|Any CPU
		{184A7F67-A7A7-40C0-97C2-AD2C82C5C37C}.Release|Any CPU.Build.0 = Release|Any CPU
	EndGlobalSection
	GlobalSection(SolutionProperties) = preSolution
		HideSolutionNode = FALSE
	EndGlobalSection
	GlobalSection(ExtensibilityGlobals) = postSolution
		SolutionGuid = {1BF1195D-B40F-496A-A655-88D2B3B4AC48}
	EndGlobalSection
EndGlobal
